
Microsoft Visual Studio Solution File, Format Version 12.00
# Visual Studio Version 17
VisualStudioVersion = 17.8.34525.116
MinimumVisualStudioVersion = 10.0.40219.1
Project("{9A19103F-16F7-4668-BE54-9A1E7A4F7556}") = "Workaround", "Workaround\Workaround.csproj", "{764B7457-50FB-464C-82E2-8C8E8612BA80}"
EndProject
Project("{FAE04EC0-301F-11D3-BF4B-00C04F79EFBC}") = "Entities", "Entities\Entities.csproj", "{D1815425-2733-4D37-8BA8-6863FC7C1FA8}"
EndProject
Project("{FAE04EC0-301F-11D3-BF4B-00C04F79EFBC}") = "Business", "Business\Business.csproj", "{34F8ED18-97AB-4128-8240-8CAE89CB46DA}"
EndProject
Global
	GlobalSection(SolutionConfigurationPlatforms) = preSolution
		Debug|Any CPU = Debug|Any CPU
		Release|Any CPU = Release|Any CPU
	EndGlobalSection
	GlobalSection(ProjectConfigurationPlatforms) = postSolution
		{764B7457-50FB-464C-82E2-8C8E8612BA80}.Debug|Any CPU.ActiveCfg = Debug|Any CPU
		{764B7457-50FB-464C-82E2-8C8E8612BA80}.Debug|Any CPU.Build.0 = Debug|Any CPU
		{764B7457-50FB-464C-82E2-8C8E8612BA80}.Release|Any CPU.ActiveCfg = Release|Any CPU
		{764B7457-50FB-464C-82E2-8C8E8612BA80}.Release|Any CPU.Build.0 = Release|Any CPU
		{D1815425-2733-4D37-8BA8-6863FC7C1FA8}.Debug|Any CPU.ActiveCfg = Debug|Any CPU
		{D1815425-2733-4D37-8BA8-6863FC7C1FA8}.Debug|Any CPU.Build.0 = Debug|Any CPU
		{D1815425-2733-4D37-8BA8-6863FC7C1FA8}.Release|Any CPU.ActiveCfg = Release|Any CPU
		{D1815425-2733-4D37-8BA8-6863FC7C1FA8}.Release|Any CPU.Build.0 = Release|Any CPU
		{34F8ED18-97AB-4128-8240-8CAE89CB46DA}.Debug|Any CPU.ActiveCfg = Debug|Any CPU
		{34F8ED18-97AB-4128-8240-8CAE89CB46DA}.Debug|Any CPU.Build.0 = Debug|Any CPU
		{34F8ED18-97AB-4128-8240-8CAE89CB46DA}.Release|Any CPU.ActiveCfg = Release|Any CPU
		{34F8ED18-97AB-4128-8240-8CAE89CB46DA}.Release|Any CPU.Build.0 = Release|Any CPU
	EndGlobalSection
	GlobalSection(SolutionProperties) = preSolution
		HideSolutionNode = FALSE
	EndGlobalSection
	GlobalSection(ExtensibilityGlobals) = postSolution
		SolutionGuid = {CDD50ACF-9E64-4B1D-832E-3F96A478F535}
	EndGlobalSection
EndGlobal
